
Microsoft Visual Studio Solution File, Format Version 12.00
# Visual Studio 2012
Project("{FAE04EC0-301F-11D3-BF4B-00C04F79EFBC}") = "Gestion_des_incidents", "Gestion_des_incidents\Gestion_des_incidents.csproj", "{3A476F05-E847-4775-978D-6407841AB309}"
EndProject
Global
	GlobalSection(SolutionConfigurationPlatforms) = preSolution
		CD_ROM|Any CPU = CD_ROM|Any CPU
		Debug|Any CPU = Debug|Any CPU
		DVD-5|Any CPU = DVD-5|Any CPU
		Release|Any CPU = Release|Any CPU
		SingleImage|Any CPU = SingleImage|Any CPU
	EndGlobalSection
	GlobalSection(ProjectConfigurationPlatforms) = postSolution
		{3A476F05-E847-4775-978D-6407841AB309}.CD_ROM|Any CPU.ActiveCfg = Release|Any CPU
		{3A476F05-E847-4775-978D-6407841AB309}.CD_ROM|Any CPU.Build.0 = Release|Any CPU
		{3A476F05-E847-4775-978D-6407841AB309}.Debug|Any CPU.ActiveCfg = Debug|Any CPU
		{3A476F05-E847-4775-978D-6407841AB309}.Debug|Any CPU.Build.0 = Debug|Any CPU
		{3A476F05-E847-4775-978D-6407841AB309}.DVD-5|Any CPU.ActiveCfg = Debug|Any CPU
		{3A476F05-E847-4775-978D-6407841AB309}.DVD-5|Any CPU.Build.0 = Debug|Any CPU
		{3A476F05-E847-4775-978D-6407841AB309}.Release|Any CPU.ActiveCfg = Release|Any CPU
		{3A476F05-E847-4775-978D-6407841AB309}.Release|Any CPU.Build.0 = Release|Any CPU
		{3A476F05-E847-4775-978D-6407841AB309}.SingleImage|Any CPU.ActiveCfg = Release|Any CPU
		{3A476F05-E847-4775-978D-6407841AB309}.SingleImage|Any CPU.Build.0 = Release|Any CPU
	EndGlobalSection
	GlobalSection(SolutionProperties) = preSolution
		HideSolutionNode = FALSE
	EndGlobalSection
EndGlobal
